{
  "projects": [
    {
      "projectId": "iiynbYDu6GiGaNNDvPQoVR",
      "version": "latest",
      "dependencies": {},
      "lang": "js",
      "fileLocks": [
        {
          "type": "globalVariant",
          "assetId": "AUzgs24G0s",
          "checksum": "962ef3931b5b210db17c2a747ef35ea0"
        },
        {
          "type": "globalVariant",
          "assetId": "Faff0vBnTY",
          "checksum": "ae8504ee73804f9d3f73ea46847fb0b4"
        },
        {
          "assetId": "iiynbYDu6GiGaNNDvPQoVR",
          "type": "projectCss",
          "checksum": "88152932ea82dbc1244446b0c51fa33e"
        },
        {
          "type": "renderModule",
          "assetId": "MiR_dRz3Cz",
          "checksum": "d9e0b5b79b141d255b1a654fe069069a"
        },
        {
          "type": "cssRules",
          "assetId": "MiR_dRz3Cz",
          "checksum": "d9e0b5b79b141d255b1a654fe069069a"
        },
        {
          "type": "renderModule",
          "assetId": "uk3JRQVrkv",
          "checksum": "2510623f6de4bda71aef3d68dae46f7c"
        },
        {
          "type": "cssRules",
          "assetId": "uk3JRQVrkv",
          "checksum": "2510623f6de4bda71aef3d68dae46f7c"
        },
        {
          "type": "renderModule",
          "assetId": "gb4IIit3yv",
          "checksum": "0c3684d0063a48b75bdfb78b95f6ff94"
        },
        {
          "type": "cssRules",
          "assetId": "gb4IIit3yv",
          "checksum": "0c3684d0063a48b75bdfb78b95f6ff94"
        },
        {
          "type": "renderModule",
          "assetId": "btDhG8rl2o",
          "checksum": "f7e10979a1e71641cdde08c2803a248f"
        },
        {
          "type": "cssRules",
          "assetId": "btDhG8rl2o",
          "checksum": "f7e10979a1e71641cdde08c2803a248f"
        },
        {
          "type": "renderModule",
          "assetId": "FBgIYvMF44",
          "checksum": "1c1057130fcf94fe879e3f290c09dfe3"
        },
        {
          "type": "cssRules",
          "assetId": "FBgIYvMF44",
          "checksum": "1c1057130fcf94fe879e3f290c09dfe3"
        },
        {
          "type": "renderModule",
          "assetId": "yonmdAqDUa5",
          "checksum": "b2c154be1e71620bd8533631b4087d4f"
        },
        {
          "type": "cssRules",
          "assetId": "yonmdAqDUa5",
          "checksum": "b2c154be1e71620bd8533631b4087d4f"
        },
        {
          "type": "renderModule",
          "assetId": "9nzW04PMBmh",
          "checksum": "2f4cf36d79d2ba4edf21270677903f1d"
        },
        {
          "type": "cssRules",
          "assetId": "9nzW04PMBmh",
          "checksum": "2f4cf36d79d2ba4edf21270677903f1d"
        },
        {
          "type": "renderModule",
          "assetId": "GOVWBz2CxRk",
          "checksum": "351d4e8726ceca49890b462bf7292fa5"
        },
        {
          "type": "cssRules",
          "assetId": "GOVWBz2CxRk",
          "checksum": "351d4e8726ceca49890b462bf7292fa5"
        },
        {
          "type": "renderModule",
          "assetId": "RyaiK6xV0YA",
          "checksum": "f20fd901467d541c461b26664f1c391f"
        },
        {
          "type": "cssRules",
          "assetId": "RyaiK6xV0YA",
          "checksum": "f20fd901467d541c461b26664f1c391f"
        },
        {
          "type": "renderModule",
          "assetId": "i1Lz6JNtIR",
          "checksum": "3eff2150e7e63752cf335135c9aac98f"
        },
        {
          "type": "cssRules",
          "assetId": "i1Lz6JNtIR",
          "checksum": "3eff2150e7e63752cf335135c9aac98f"
        },
        {
          "type": "renderModule",
          "assetId": "8Z-pWIumYd5",
          "checksum": "a8e35d1d773746fdf251e16cacec18e7"
        },
        {
          "type": "cssRules",
          "assetId": "8Z-pWIumYd5",
          "checksum": "a8e35d1d773746fdf251e16cacec18e7"
        },
        {
          "type": "renderModule",
          "assetId": "eQfqLbonTV",
          "checksum": "b4af78701265bc097550f3fd50368519"
        },
        {
          "type": "cssRules",
          "assetId": "eQfqLbonTV",
          "checksum": "b4af78701265bc097550f3fd50368519"
        },
        {
          "type": "renderModule",
          "assetId": "cbRusPsa56",
          "checksum": "7065c8ccc10ef17f32fc07f745a3fc8b"
        },
        {
          "type": "cssRules",
          "assetId": "cbRusPsa56",
          "checksum": "7065c8ccc10ef17f32fc07f745a3fc8b"
        },
        {
          "type": "renderModule",
          "assetId": "qNK1ZRC_DP",
          "checksum": "7590d6ca369b903e902457d9c8b84a61"
        },
        {
          "type": "cssRules",
          "assetId": "qNK1ZRC_DP",
          "checksum": "7590d6ca369b903e902457d9c8b84a61"
        },
        {
          "type": "renderModule",
          "assetId": "6g0gR0wU0p",
          "checksum": "67f7a59200b07f78fe84f19f8c11df41"
        },
        {
          "type": "cssRules",
          "assetId": "6g0gR0wU0p",
          "checksum": "67f7a59200b07f78fe84f19f8c11df41"
        },
        {
          "type": "renderModule",
          "assetId": "ZRO5x17RhRf",
          "checksum": "fb1dbf7af4503836405d4bf09f0bd972"
        },
        {
          "type": "cssRules",
          "assetId": "ZRO5x17RhRf",
          "checksum": "fb1dbf7af4503836405d4bf09f0bd972"
        },
        {
          "type": "renderModule",
          "assetId": "Ngfm-OhqRX",
          "checksum": "5bcbc79f3be1f98836e57c9f5a7b9ca0"
        },
        {
          "type": "cssRules",
          "assetId": "Ngfm-OhqRX",
          "checksum": "5bcbc79f3be1f98836e57c9f5a7b9ca0"
        },
        {
          "type": "renderModule",
          "assetId": "-oqFHJTBGG",
          "checksum": "5fc43a1a21ccffadf878dbd008445f96"
        },
        {
          "type": "cssRules",
          "assetId": "-oqFHJTBGG",
          "checksum": "5fc43a1a21ccffadf878dbd008445f96"
        },
        {
          "type": "renderModule",
          "assetId": "rCjvWQ_Miz",
          "checksum": "b71066b4db410b4cd0700ca9b4e0c76b"
        },
        {
          "type": "cssRules",
          "assetId": "rCjvWQ_Miz",
          "checksum": "b71066b4db410b4cd0700ca9b4e0c76b"
        },
        {
          "type": "renderModule",
          "assetId": "KEWIT-Fk0Z",
          "checksum": "534136b9d99d574c102c803955aa7262"
        },
        {
          "type": "cssRules",
          "assetId": "KEWIT-Fk0Z",
          "checksum": "534136b9d99d574c102c803955aa7262"
        },
        {
          "type": "renderModule",
          "assetId": "z9IF13sbXf",
          "checksum": "b8287152ee872b8886687c09bb73ac04"
        },
        {
          "type": "cssRules",
          "assetId": "z9IF13sbXf",
          "checksum": "b8287152ee872b8886687c09bb73ac04"
        },
        {
          "type": "renderModule",
          "assetId": "At5FRbyuem",
          "checksum": "457a3d6bd8557a39a007a13e7f066864"
        },
        {
          "type": "cssRules",
          "assetId": "At5FRbyuem",
          "checksum": "457a3d6bd8557a39a007a13e7f066864"
        },
        {
          "type": "renderModule",
          "assetId": "YQ4NazOClY",
          "checksum": "52d9364a08661b7ef307e8ab91238fb3"
        },
        {
          "type": "cssRules",
          "assetId": "YQ4NazOClY",
          "checksum": "52d9364a08661b7ef307e8ab91238fb3"
        },
        {
          "type": "renderModule",
          "assetId": "QOtMsR4vNO",
          "checksum": "ad9923fe60a66caa8a861c784455b1af"
        },
        {
          "type": "cssRules",
          "assetId": "QOtMsR4vNO",
          "checksum": "ad9923fe60a66caa8a861c784455b1af"
        },
        {
          "type": "renderModule",
          "assetId": "jd1DHXJEq6",
          "checksum": "2422faabebfc9b4f195f19e1571f2da8"
        },
        {
          "type": "cssRules",
          "assetId": "jd1DHXJEq6",
          "checksum": "2422faabebfc9b4f195f19e1571f2da8"
        },
        {
          "type": "renderModule",
          "assetId": "pW2-Z0pIhy",
          "checksum": "71b63aee17594ab50a584220a292db44"
        },
        {
          "type": "cssRules",
          "assetId": "pW2-Z0pIhy",
          "checksum": "71b63aee17594ab50a584220a292db44"
        },
        {
          "type": "renderModule",
          "assetId": "MrE5uj_9Ik",
          "checksum": "177f4c4b59c5763482561823591367c9"
        },
        {
          "type": "cssRules",
          "assetId": "MrE5uj_9Ik",
          "checksum": "177f4c4b59c5763482561823591367c9"
        },
        {
          "type": "renderModule",
          "assetId": "uJp6XjDgXJ",
          "checksum": "1831dbfd6abf3127190c70b7c990c298"
        },
        {
          "type": "cssRules",
          "assetId": "uJp6XjDgXJ",
          "checksum": "1831dbfd6abf3127190c70b7c990c298"
        },
        {
          "type": "renderModule",
          "assetId": "2ETjiGbh3p",
          "checksum": "f37cfaf40076ac7567d5ab6bdc174f87"
        },
        {
          "type": "cssRules",
          "assetId": "2ETjiGbh3p",
          "checksum": "f37cfaf40076ac7567d5ab6bdc174f87"
        },
        {
          "type": "renderModule",
          "assetId": "cj0PTxmEF4",
          "checksum": "0f53dee72e85dd7eaf7b80aa5e754a4e"
        },
        {
          "type": "cssRules",
          "assetId": "cj0PTxmEF4",
          "checksum": "0f53dee72e85dd7eaf7b80aa5e754a4e"
        },
        {
          "type": "renderModule",
          "assetId": "syysRW7bMl",
          "checksum": "ed5db7620c8d1059b35d7dcfaff5ce9c"
        },
        {
          "type": "cssRules",
          "assetId": "syysRW7bMl",
          "checksum": "ed5db7620c8d1059b35d7dcfaff5ce9c"
        },
        {
          "type": "renderModule",
          "assetId": "TF4eeP5pkV",
          "checksum": "17302d6c9fc304e69776fe2d6ed57509"
        },
        {
          "type": "cssRules",
          "assetId": "TF4eeP5pkV",
          "checksum": "17302d6c9fc304e69776fe2d6ed57509"
        },
        {
          "type": "renderModule",
          "assetId": "abJRRipQu8",
          "checksum": "f5c2a7ee2ec187194e297eb87f2a7117"
        },
        {
          "type": "cssRules",
          "assetId": "abJRRipQu8",
          "checksum": "f5c2a7ee2ec187194e297eb87f2a7117"
        },
        {
          "type": "renderModule",
          "assetId": "CK5bncNDH9",
          "checksum": "311a34eba64fb5733be42d27c31d3934"
        },
        {
          "type": "cssRules",
          "assetId": "CK5bncNDH9",
          "checksum": "311a34eba64fb5733be42d27c31d3934"
        },
        {
          "type": "renderModule",
          "assetId": "E5fsqxpowC",
          "checksum": "d5a2de09f22a03434bf2f5b7ad5a6afb"
        },
        {
          "type": "cssRules",
          "assetId": "E5fsqxpowC",
          "checksum": "d5a2de09f22a03434bf2f5b7ad5a6afb"
        },
        {
          "type": "renderModule",
          "assetId": "zkmZt9CEr9",
          "checksum": "2097b41f8e42f82c8694938576eab016"
        },
        {
          "type": "cssRules",
          "assetId": "zkmZt9CEr9",
          "checksum": "2097b41f8e42f82c8694938576eab016"
        },
        {
          "type": "renderModule",
          "assetId": "htyyUHdrX7",
          "checksum": "c1e67334b78baacf22b62187817dcdcf"
        },
        {
          "type": "cssRules",
          "assetId": "htyyUHdrX7",
          "checksum": "c1e67334b78baacf22b62187817dcdcf"
        },
        {
          "type": "renderModule",
          "assetId": "rcqj19I7Oe",
          "checksum": "76dd118be83fab00e885f26af3349875"
        },
        {
          "type": "cssRules",
          "assetId": "rcqj19I7Oe",
          "checksum": "76dd118be83fab00e885f26af3349875"
        },
        {
          "type": "renderModule",
          "assetId": "R7-uUmA8YC",
          "checksum": "529816bf04cb29eef68a45094e7b1078"
        },
        {
          "type": "cssRules",
          "assetId": "R7-uUmA8YC",
          "checksum": "529816bf04cb29eef68a45094e7b1078"
        },
        {
          "type": "renderModule",
          "assetId": "T2lyj8FRO_",
          "checksum": "676d9ba84c5a917dbbe3df9f74f7bb24"
        },
        {
          "type": "cssRules",
          "assetId": "T2lyj8FRO_",
          "checksum": "676d9ba84c5a917dbbe3df9f74f7bb24"
        },
        {
          "type": "renderModule",
          "assetId": "JaNyePDMS2",
          "checksum": "e689123c509b2405ad146c375783491f"
        },
        {
          "type": "cssRules",
          "assetId": "JaNyePDMS2",
          "checksum": "e689123c509b2405ad146c375783491f"
        },
        {
          "type": "renderModule",
          "assetId": "c0wjAX7GRT",
          "checksum": "4e47d66d0c868d7dbb273e4e05c79ac6"
        },
        {
          "type": "cssRules",
          "assetId": "c0wjAX7GRT",
          "checksum": "4e47d66d0c868d7dbb273e4e05c79ac6"
        },
        {
          "type": "renderModule",
          "assetId": "8aTfxfbh2z",
          "checksum": "a1d269c945ec9a539020bdf6b3baea81"
        },
        {
          "type": "cssRules",
          "assetId": "8aTfxfbh2z",
          "checksum": "a1d269c945ec9a539020bdf6b3baea81"
        },
        {
          "type": "renderModule",
          "assetId": "trbmvASZWn",
          "checksum": "3e7eed43e7b7621e855d146578acec27"
        },
        {
          "type": "cssRules",
          "assetId": "trbmvASZWn",
          "checksum": "3e7eed43e7b7621e855d146578acec27"
        },
        {
          "type": "renderModule",
          "assetId": "046Osy-48bS",
          "checksum": "0c545411c307759eb247adb19b0525e1"
        },
        {
          "type": "cssRules",
          "assetId": "046Osy-48bS",
          "checksum": "0c545411c307759eb247adb19b0525e1"
        },
        {
          "type": "renderModule",
          "assetId": "tqNj2kvNy9",
          "checksum": "c4a21994e95a93fa932f10557f105b2f"
        },
        {
          "type": "cssRules",
          "assetId": "tqNj2kvNy9",
          "checksum": "c4a21994e95a93fa932f10557f105b2f"
        },
        {
          "type": "icon",
          "assetId": "aQT5Ib0_DAR",
          "checksum": "f319f2bfe3e9fec4b061b88d0173a25e"
        },
        {
          "type": "icon",
          "assetId": "ZJ9zT0Y2AIm",
          "checksum": "b6df85f06f98cbaffaa565c9ec4ead6c"
        },
        {
          "type": "icon",
          "assetId": "HZYktIssthR",
          "checksum": "edc393df04788ee844a2cb87f641ec38"
        },
        {
          "type": "icon",
          "assetId": "dKhlsI6iXsB",
          "checksum": "5e7420cd6569c3dd2130bb49eaf81e8e"
        },
        {
          "type": "icon",
          "assetId": "UAOJiIzwc",
          "checksum": "c1fe5594d75c0d5db4663e479756433b"
        },
        {
          "type": "icon",
          "assetId": "8FGzZD12o",
          "checksum": "58e26812d03d8b4f7db26f1d55ab9dc8"
        },
        {
          "type": "icon",
          "assetId": "UesfMCqru",
          "checksum": "a32c5692dfc013347f08ec05ad4ec6e9"
        },
        {
          "type": "icon",
          "assetId": "u1TTN9T8s",
          "checksum": "84adf6d0a4c5621a9ed196f753769dbd"
        },
        {
          "type": "icon",
          "assetId": "Nzid9dAsSe",
          "checksum": "dc15f450030e528b09fae8c39c49d861"
        },
        {
          "type": "icon",
          "assetId": "muIIwCg07L",
          "checksum": "c1086e5c50c4dd6a315b275a025227a8"
        },
        {
          "type": "icon",
          "assetId": "AyfUoElJ4s",
          "checksum": "df63cc78542b210e07761c5bce3e9cd1"
        },
        {
          "type": "icon",
          "assetId": "XpspaON7QK",
          "checksum": "50e69eeb135d45320ad3a68dd7fe72fe"
        },
        {
          "type": "icon",
          "assetId": "q0bvoFdaIB",
          "checksum": "28c6763e689f9dfc52872ff339249f3d"
        },
        {
          "type": "image",
          "assetId": "46PrLZTzs",
          "checksum": "4075a07af11edd23f3a6d34ed96df797"
        },
        {
          "type": "image",
          "assetId": "9drptK8u_",
          "checksum": "5de5adeb17785aab5d36f227d00ca259"
        },
        {
          "type": "image",
          "assetId": "1MyVk98Jv",
          "checksum": "75b8e51fdc7f236e66e795c006de4ac2"
        },
        {
          "type": "image",
          "assetId": "oBMXbASF4",
          "checksum": "9fa5d556792f85e42f8fa3e575e86d66"
        },
        {
          "type": "image",
          "assetId": "oygEyFxUZ",
          "checksum": "4a84dec2bf7977b0b1bb73e67615874f"
        },
        {
          "type": "image",
          "assetId": "LCV4qpRTO",
          "checksum": "9e9403616b03d793b095c8959b948cf6"
        },
        {
          "type": "image",
          "assetId": "bI0Bqcls3",
          "checksum": "a4beb1a73703b07a6106c84c3a26d700"
        }
      ]
    }
  ],
  "cliVersion": "0.1.161"
}
