{
  "projects": [
    {
      "projectId": "iiynbYDu6GiGaNNDvPQoVR",
      "version": "latest",
      "dependencies": {},
      "lang": "js",
      "fileLocks": [
        {
          "type": "globalVariant",
          "assetId": "AUzgs24G0s",
          "checksum": "962ef3931b5b210db17c2a747ef35ea0"
        },
        {
          "type": "globalVariant",
          "assetId": "Faff0vBnTY",
          "checksum": "ae8504ee73804f9d3f73ea46847fb0b4"
        },
        {
          "type": "renderModule",
          "assetId": "MiR_dRz3Cz",
          "checksum": "01e020f107dac8cac665b37288fe6728"
        },
        {
          "type": "cssRules",
          "assetId": "MiR_dRz3Cz",
          "checksum": "01e020f107dac8cac665b37288fe6728"
        },
        {
          "type": "renderModule",
          "assetId": "uk3JRQVrkv",
          "checksum": "5058bcb4fbf41f0f4e0bfe24eaa572e1"
        },
        {
          "type": "cssRules",
          "assetId": "uk3JRQVrkv",
          "checksum": "5058bcb4fbf41f0f4e0bfe24eaa572e1"
        },
        {
          "type": "renderModule",
          "assetId": "gb4IIit3yv",
          "checksum": "6b6564dd3226cf286ab8c878b7b229b4"
        },
        {
          "type": "cssRules",
          "assetId": "gb4IIit3yv",
          "checksum": "6b6564dd3226cf286ab8c878b7b229b4"
        },
        {
          "type": "renderModule",
          "assetId": "btDhG8rl2o",
          "checksum": "aba27781b70815e399a18fe53e2c1a85"
        },
        {
          "type": "cssRules",
          "assetId": "btDhG8rl2o",
          "checksum": "aba27781b70815e399a18fe53e2c1a85"
        },
        {
          "type": "renderModule",
          "assetId": "FBgIYvMF44",
          "checksum": "036d71ad4c7a0c2cbd20dba160512104"
        },
        {
          "type": "cssRules",
          "assetId": "FBgIYvMF44",
          "checksum": "036d71ad4c7a0c2cbd20dba160512104"
        },
        {
          "type": "renderModule",
          "assetId": "yonmdAqDUa5",
          "checksum": "d2ef7d63b773681f4f7d3b2c4af748f1"
        },
        {
          "type": "cssRules",
          "assetId": "yonmdAqDUa5",
          "checksum": "d2ef7d63b773681f4f7d3b2c4af748f1"
        },
        {
          "type": "renderModule",
          "assetId": "9nzW04PMBmh",
          "checksum": "8dcee613aa63baee35feec0966cfa1c5"
        },
        {
          "type": "cssRules",
          "assetId": "9nzW04PMBmh",
          "checksum": "8dcee613aa63baee35feec0966cfa1c5"
        },
        {
          "type": "renderModule",
          "assetId": "GOVWBz2CxRk",
          "checksum": "b9c46b8a6506768ba1c44652a4ecdcee"
        },
        {
          "type": "cssRules",
          "assetId": "GOVWBz2CxRk",
          "checksum": "b9c46b8a6506768ba1c44652a4ecdcee"
        },
        {
          "type": "renderModule",
          "assetId": "RyaiK6xV0YA",
          "checksum": "666cbb76ca9bd5d7a63e277c90555cf5"
        },
        {
          "type": "cssRules",
          "assetId": "RyaiK6xV0YA",
          "checksum": "666cbb76ca9bd5d7a63e277c90555cf5"
        },
        {
          "type": "renderModule",
          "assetId": "i1Lz6JNtIR",
          "checksum": "8431eaf42fa81d119a6a8b451d099337"
        },
        {
          "type": "cssRules",
          "assetId": "i1Lz6JNtIR",
          "checksum": "8431eaf42fa81d119a6a8b451d099337"
        },
        {
          "type": "renderModule",
          "assetId": "8Z-pWIumYd5",
          "checksum": "0fc49b1c9cfe28344ddd9a6ed2f06276"
        },
        {
          "type": "cssRules",
          "assetId": "8Z-pWIumYd5",
          "checksum": "0fc49b1c9cfe28344ddd9a6ed2f06276"
        },
        {
          "type": "renderModule",
          "assetId": "eQfqLbonTV",
          "checksum": "0e175b826379df17aec4e9164b9721cf"
        },
        {
          "type": "cssRules",
          "assetId": "eQfqLbonTV",
          "checksum": "0e175b826379df17aec4e9164b9721cf"
        },
        {
          "type": "renderModule",
          "assetId": "cbRusPsa56",
          "checksum": "d6fcd17819a40252c9d6e16e603512ef"
        },
        {
          "type": "cssRules",
          "assetId": "cbRusPsa56",
          "checksum": "d6fcd17819a40252c9d6e16e603512ef"
        },
        {
          "type": "renderModule",
          "assetId": "qNK1ZRC_DP",
          "checksum": "4f74d1b5bee63475c20e42475cd9241a"
        },
        {
          "type": "cssRules",
          "assetId": "qNK1ZRC_DP",
          "checksum": "4f74d1b5bee63475c20e42475cd9241a"
        },
        {
          "type": "renderModule",
          "assetId": "6g0gR0wU0p",
          "checksum": "231b861158651879e3cd6a3566f525d5"
        },
        {
          "type": "cssRules",
          "assetId": "6g0gR0wU0p",
          "checksum": "231b861158651879e3cd6a3566f525d5"
        },
        {
          "type": "renderModule",
          "assetId": "ZRO5x17RhRf",
          "checksum": "13ac6238f3d830901e7be6fef85d58e4"
        },
        {
          "type": "cssRules",
          "assetId": "ZRO5x17RhRf",
          "checksum": "13ac6238f3d830901e7be6fef85d58e4"
        },
        {
          "type": "renderModule",
          "assetId": "Ngfm-OhqRX",
          "checksum": "c5a284e4275d190b7ea47df335218d66"
        },
        {
          "type": "cssRules",
          "assetId": "Ngfm-OhqRX",
          "checksum": "c5a284e4275d190b7ea47df335218d66"
        },
        {
          "type": "renderModule",
          "assetId": "-oqFHJTBGG",
          "checksum": "0b8d61c571b9af9578c559b1e190be21"
        },
        {
          "type": "cssRules",
          "assetId": "-oqFHJTBGG",
          "checksum": "0b8d61c571b9af9578c559b1e190be21"
        },
        {
          "type": "renderModule",
          "assetId": "rCjvWQ_Miz",
          "checksum": "8b120255893880d72b552a49b91c0fe9"
        },
        {
          "type": "cssRules",
          "assetId": "rCjvWQ_Miz",
          "checksum": "8b120255893880d72b552a49b91c0fe9"
        },
        {
          "type": "renderModule",
          "assetId": "KEWIT-Fk0Z",
          "checksum": "ecd047f56e456674c38f070566617fa6"
        },
        {
          "type": "cssRules",
          "assetId": "KEWIT-Fk0Z",
          "checksum": "ecd047f56e456674c38f070566617fa6"
        },
        {
          "type": "renderModule",
          "assetId": "z9IF13sbXf",
          "checksum": "73366505cb726d85f2aa37c3d93ab5d6"
        },
        {
          "type": "cssRules",
          "assetId": "z9IF13sbXf",
          "checksum": "73366505cb726d85f2aa37c3d93ab5d6"
        },
        {
          "type": "renderModule",
          "assetId": "At5FRbyuem",
          "checksum": "45e0fff506a79e901e2e17a6651ef409"
        },
        {
          "type": "cssRules",
          "assetId": "At5FRbyuem",
          "checksum": "45e0fff506a79e901e2e17a6651ef409"
        },
        {
          "type": "renderModule",
          "assetId": "YQ4NazOClY",
          "checksum": "eca8a810baeaba8e7a6ee601446bc5f6"
        },
        {
          "type": "cssRules",
          "assetId": "YQ4NazOClY",
          "checksum": "eca8a810baeaba8e7a6ee601446bc5f6"
        },
        {
          "type": "renderModule",
          "assetId": "QOtMsR4vNO",
          "checksum": "c1dd5402c4f4539b1c0a6b0d3e5925c1"
        },
        {
          "type": "cssRules",
          "assetId": "QOtMsR4vNO",
          "checksum": "c1dd5402c4f4539b1c0a6b0d3e5925c1"
        },
        {
          "type": "renderModule",
          "assetId": "jd1DHXJEq6",
          "checksum": "e656343290a40d827cdce2ab562d472d"
        },
        {
          "type": "cssRules",
          "assetId": "jd1DHXJEq6",
          "checksum": "e656343290a40d827cdce2ab562d472d"
        },
        {
          "type": "renderModule",
          "assetId": "pW2-Z0pIhy",
          "checksum": "0219ed0115f9fd9e6afdbb6dd751c247"
        },
        {
          "type": "cssRules",
          "assetId": "pW2-Z0pIhy",
          "checksum": "0219ed0115f9fd9e6afdbb6dd751c247"
        },
        {
          "type": "renderModule",
          "assetId": "MrE5uj_9Ik",
          "checksum": "7e8c37e3c62ea7df8201775cf15c909c"
        },
        {
          "type": "cssRules",
          "assetId": "MrE5uj_9Ik",
          "checksum": "7e8c37e3c62ea7df8201775cf15c909c"
        },
        {
          "type": "renderModule",
          "assetId": "uJp6XjDgXJ",
          "checksum": "c74107de745f3150a40d69dda634ec30"
        },
        {
          "type": "cssRules",
          "assetId": "uJp6XjDgXJ",
          "checksum": "c74107de745f3150a40d69dda634ec30"
        },
        {
          "type": "renderModule",
          "assetId": "2ETjiGbh3p",
          "checksum": "1749d0beb69e966fddfca13a41b52694"
        },
        {
          "type": "cssRules",
          "assetId": "2ETjiGbh3p",
          "checksum": "1749d0beb69e966fddfca13a41b52694"
        },
        {
          "type": "renderModule",
          "assetId": "cj0PTxmEF4",
          "checksum": "6c2dc1ceec65f48c103d86d9373c39f2"
        },
        {
          "type": "cssRules",
          "assetId": "cj0PTxmEF4",
          "checksum": "6c2dc1ceec65f48c103d86d9373c39f2"
        },
        {
          "type": "renderModule",
          "assetId": "syysRW7bMl",
          "checksum": "4d0a429e1fb89dbdf8111ae34a206467"
        },
        {
          "type": "cssRules",
          "assetId": "syysRW7bMl",
          "checksum": "4d0a429e1fb89dbdf8111ae34a206467"
        },
        {
          "type": "renderModule",
          "assetId": "TF4eeP5pkV",
          "checksum": "bedd882f9a8e3423c8307e6320eeae63"
        },
        {
          "type": "cssRules",
          "assetId": "TF4eeP5pkV",
          "checksum": "bedd882f9a8e3423c8307e6320eeae63"
        },
        {
          "type": "renderModule",
          "assetId": "abJRRipQu8",
          "checksum": "ae47ce590d5d2a5db264480408cee50b"
        },
        {
          "type": "cssRules",
          "assetId": "abJRRipQu8",
          "checksum": "ae47ce590d5d2a5db264480408cee50b"
        },
        {
          "type": "renderModule",
          "assetId": "CK5bncNDH9",
          "checksum": "c6e891f62a8771ae473af9135b6cbd1e"
        },
        {
          "type": "cssRules",
          "assetId": "CK5bncNDH9",
          "checksum": "c6e891f62a8771ae473af9135b6cbd1e"
        },
        {
          "type": "renderModule",
          "assetId": "E5fsqxpowC",
          "checksum": "ea99aa733af5d49646d044fb9b1b1a7a"
        },
        {
          "type": "cssRules",
          "assetId": "E5fsqxpowC",
          "checksum": "ea99aa733af5d49646d044fb9b1b1a7a"
        },
        {
          "type": "renderModule",
          "assetId": "zkmZt9CEr9",
          "checksum": "c59b3114d612dbee902931ba3c228360"
        },
        {
          "type": "cssRules",
          "assetId": "zkmZt9CEr9",
          "checksum": "c59b3114d612dbee902931ba3c228360"
        },
        {
          "type": "renderModule",
          "assetId": "htyyUHdrX7",
          "checksum": "bca1a7c19f5dbe265428374d3dee0b64"
        },
        {
          "type": "cssRules",
          "assetId": "htyyUHdrX7",
          "checksum": "bca1a7c19f5dbe265428374d3dee0b64"
        },
        {
          "type": "renderModule",
          "assetId": "rcqj19I7Oe",
          "checksum": "fbd1f1f852e97c2e953909a7140db7c6"
        },
        {
          "type": "cssRules",
          "assetId": "rcqj19I7Oe",
          "checksum": "fbd1f1f852e97c2e953909a7140db7c6"
        },
        {
          "type": "renderModule",
          "assetId": "R7-uUmA8YC",
          "checksum": "e19843c170f6cfb1579f81f8324a23a8"
        },
        {
          "type": "cssRules",
          "assetId": "R7-uUmA8YC",
          "checksum": "e19843c170f6cfb1579f81f8324a23a8"
        },
        {
          "type": "renderModule",
          "assetId": "T2lyj8FRO_",
          "checksum": "0b18f20567257019e49df9ec5ae1f46e"
        },
        {
          "type": "cssRules",
          "assetId": "T2lyj8FRO_",
          "checksum": "0b18f20567257019e49df9ec5ae1f46e"
        },
        {
          "type": "renderModule",
          "assetId": "JaNyePDMS2",
          "checksum": "96d4a03bee0d63c78ec76c6fbbe1954c"
        },
        {
          "type": "cssRules",
          "assetId": "JaNyePDMS2",
          "checksum": "96d4a03bee0d63c78ec76c6fbbe1954c"
        },
        {
          "type": "renderModule",
          "assetId": "c0wjAX7GRT",
          "checksum": "a2eeb489aec3e6a55047184670ae0bb3"
        },
        {
          "type": "cssRules",
          "assetId": "c0wjAX7GRT",
          "checksum": "a2eeb489aec3e6a55047184670ae0bb3"
        },
        {
          "type": "renderModule",
          "assetId": "8aTfxfbh2z",
          "checksum": "0fb177c0310114d1e22790bf02543563"
        },
        {
          "type": "cssRules",
          "assetId": "8aTfxfbh2z",
          "checksum": "0fb177c0310114d1e22790bf02543563"
        },
        {
          "type": "renderModule",
          "assetId": "trbmvASZWn",
          "checksum": "ea22496109f1de19589117f970e74b54"
        },
        {
          "type": "cssRules",
          "assetId": "trbmvASZWn",
          "checksum": "ea22496109f1de19589117f970e74b54"
        },
        {
          "type": "renderModule",
          "assetId": "046Osy-48bS",
          "checksum": "3b4c25ce70828877416e65cc991c4e0e"
        },
        {
          "type": "cssRules",
          "assetId": "046Osy-48bS",
          "checksum": "3b4c25ce70828877416e65cc991c4e0e"
        },
        {
          "type": "renderModule",
          "assetId": "tqNj2kvNy9",
          "checksum": "2771c80d218c02cfec3bb65801165071"
        },
        {
          "type": "cssRules",
          "assetId": "tqNj2kvNy9",
          "checksum": "2771c80d218c02cfec3bb65801165071"
        },
        {
          "type": "icon",
          "assetId": "aQT5Ib0_DAR",
          "checksum": "f319f2bfe3e9fec4b061b88d0173a25e"
        },
        {
          "type": "icon",
          "assetId": "ZJ9zT0Y2AIm",
          "checksum": "b6df85f06f98cbaffaa565c9ec4ead6c"
        },
        {
          "type": "icon",
          "assetId": "HZYktIssthR",
          "checksum": "edc393df04788ee844a2cb87f641ec38"
        },
        {
          "type": "icon",
          "assetId": "dKhlsI6iXsB",
          "checksum": "5e7420cd6569c3dd2130bb49eaf81e8e"
        },
        {
          "type": "icon",
          "assetId": "UAOJiIzwc",
          "checksum": "c1fe5594d75c0d5db4663e479756433b"
        },
        {
          "type": "icon",
          "assetId": "8FGzZD12o",
          "checksum": "58e26812d03d8b4f7db26f1d55ab9dc8"
        },
        {
          "type": "icon",
          "assetId": "UesfMCqru",
          "checksum": "a32c5692dfc013347f08ec05ad4ec6e9"
        },
        {
          "type": "icon",
          "assetId": "u1TTN9T8s",
          "checksum": "84adf6d0a4c5621a9ed196f753769dbd"
        },
        {
          "type": "icon",
          "assetId": "Nzid9dAsSe",
          "checksum": "dc15f450030e528b09fae8c39c49d861"
        },
        {
          "type": "icon",
          "assetId": "muIIwCg07L",
          "checksum": "c1086e5c50c4dd6a315b275a025227a8"
        },
        {
          "type": "icon",
          "assetId": "AyfUoElJ4s",
          "checksum": "df63cc78542b210e07761c5bce3e9cd1"
        },
        {
          "type": "icon",
          "assetId": "XpspaON7QK",
          "checksum": "50e69eeb135d45320ad3a68dd7fe72fe"
        },
        {
          "type": "icon",
          "assetId": "q0bvoFdaIB",
          "checksum": "28c6763e689f9dfc52872ff339249f3d"
        },
        {
          "type": "image",
          "assetId": "46PrLZTzs",
          "checksum": "b838237ad82dcd75b71560dd14d2407a"
        },
        {
          "type": "image",
          "assetId": "9drptK8u_",
          "checksum": "7d775140be279a1a52b333fd350c4022"
        },
        {
          "type": "image",
          "assetId": "1MyVk98Jv",
          "checksum": "c5c1ddc9217d5c29b5c0418e6a8991ed"
        },
        {
          "type": "image",
          "assetId": "oBMXbASF4",
          "checksum": "d5a331721bf8569140b38c396db3d69c"
        },
        {
          "type": "image",
          "assetId": "oygEyFxUZ",
          "checksum": "97b714dab2b7088104bb832ed0438623"
        },
        {
          "type": "image",
          "assetId": "LCV4qpRTO",
          "checksum": "f3d9303b59009d13e620fc5e03688f0a"
        },
        {
          "type": "image",
          "assetId": "bI0Bqcls3",
          "checksum": "01c37c54e5010f6ed662eba32c26ff0c"
        },
        {
          "assetId": "iiynbYDu6GiGaNNDvPQoVR",
          "type": "projectCss",
          "checksum": "dc032f156888b308723d446aa68c83df"
        },
        {
          "type": "renderModule",
          "assetId": "1Q1glXnQfVK",
          "checksum": "c6cd88986428c46e5f1b0b923b86759d"
        },
        {
          "type": "cssRules",
          "assetId": "1Q1glXnQfVK",
          "checksum": "c6cd88986428c46e5f1b0b923b86759d"
        },
        {
          "type": "renderModule",
          "assetId": "H6KFzMtVnz",
          "checksum": "f9ba030a979482cfc65477477160b65d"
        },
        {
          "type": "cssRules",
          "assetId": "H6KFzMtVnz",
          "checksum": "f9ba030a979482cfc65477477160b65d"
        },
        {
          "type": "renderModule",
          "assetId": "ivRJDBBaYd",
          "checksum": "3917827d3444465a20231d01662ee376"
        },
        {
          "type": "cssRules",
          "assetId": "ivRJDBBaYd",
          "checksum": "3917827d3444465a20231d01662ee376"
        },
        {
          "type": "renderModule",
          "assetId": "sMUya_zWwh",
          "checksum": "251ebd556ff0809682529b9c156632d4"
        },
        {
          "type": "cssRules",
          "assetId": "sMUya_zWwh",
          "checksum": "251ebd556ff0809682529b9c156632d4"
        },
        {
          "type": "renderModule",
          "assetId": "PTiYGP8uYr",
          "checksum": "4649046da62dd96f560d41c882757bd0"
        },
        {
          "type": "cssRules",
          "assetId": "PTiYGP8uYr",
          "checksum": "4649046da62dd96f560d41c882757bd0"
        },
        {
          "type": "renderModule",
          "assetId": "uiePGwqQNc",
          "checksum": "f55bcf77a87f28b101cb35a62beb9136"
        },
        {
          "type": "cssRules",
          "assetId": "uiePGwqQNc",
          "checksum": "f55bcf77a87f28b101cb35a62beb9136"
        },
        {
          "type": "renderModule",
          "assetId": "zp0oR3Do2e",
          "checksum": "6f1cf9668f2d2b765b7318935da42e02"
        },
        {
          "type": "cssRules",
          "assetId": "zp0oR3Do2e",
          "checksum": "6f1cf9668f2d2b765b7318935da42e02"
        },
        {
          "type": "renderModule",
          "assetId": "6B1QJB984j-",
          "checksum": "413dbfb6a68a575f2eaf6892366609c0"
        },
        {
          "type": "cssRules",
          "assetId": "6B1QJB984j-",
          "checksum": "413dbfb6a68a575f2eaf6892366609c0"
        },
        {
          "type": "renderModule",
          "assetId": "z5q8_iySW5",
          "checksum": "7740b05595eddd3633ac044196100a66"
        },
        {
          "type": "cssRules",
          "assetId": "z5q8_iySW5",
          "checksum": "7740b05595eddd3633ac044196100a66"
        },
        {
          "type": "renderModule",
          "assetId": "xwDhpOnB24",
          "checksum": "e8b95b8a0c1d27f0c7cb99cd9f43c833"
        },
        {
          "type": "cssRules",
          "assetId": "xwDhpOnB24",
          "checksum": "e8b95b8a0c1d27f0c7cb99cd9f43c833"
        },
        {
          "type": "renderModule",
          "assetId": "rHmoMrEiAJ",
          "checksum": "59b67cb5be3057bc3febf54801772be7"
        },
        {
          "type": "cssRules",
          "assetId": "rHmoMrEiAJ",
          "checksum": "59b67cb5be3057bc3febf54801772be7"
        },
        {
          "type": "renderModule",
          "assetId": "gLEeJSAqSz",
          "checksum": "9a7adcdb860f54df3154853f23ebe349"
        },
        {
          "type": "cssRules",
          "assetId": "gLEeJSAqSz",
          "checksum": "9a7adcdb860f54df3154853f23ebe349"
        },
        {
          "type": "renderModule",
          "assetId": "n8TqFiiUqC",
          "checksum": "5e8e26cf9a1e3db8ad9b74b69c6e93ec"
        },
        {
          "type": "cssRules",
          "assetId": "n8TqFiiUqC",
          "checksum": "5e8e26cf9a1e3db8ad9b74b69c6e93ec"
        },
        {
          "type": "renderModule",
          "assetId": "YYWHj4LFug",
          "checksum": "57dfa1c6f52dd00e26bb798a4841c566"
        },
        {
          "type": "cssRules",
          "assetId": "YYWHj4LFug",
          "checksum": "57dfa1c6f52dd00e26bb798a4841c566"
        },
        {
          "type": "renderModule",
          "assetId": "DPGndyKrHp",
          "checksum": "bb130dcc9cc8f6129a24c711f9c87cd7"
        },
        {
          "type": "cssRules",
          "assetId": "DPGndyKrHp",
          "checksum": "bb130dcc9cc8f6129a24c711f9c87cd7"
        },
        {
          "type": "renderModule",
          "assetId": "i_eYEmse-p",
          "checksum": "85089740aa6791b3145f008137c25ae3"
        },
        {
          "type": "cssRules",
          "assetId": "i_eYEmse-p",
          "checksum": "85089740aa6791b3145f008137c25ae3"
        },
        {
          "type": "renderModule",
          "assetId": "wbI2f6rjYF",
          "checksum": "a6b06e3a75b127d61f6d540183f1676e"
        },
        {
          "type": "cssRules",
          "assetId": "wbI2f6rjYF",
          "checksum": "a6b06e3a75b127d61f6d540183f1676e"
        },
        {
          "type": "icon",
          "assetId": "tdjoboKFAS",
          "checksum": "f882fe1eaa16fa4b366bbc1fda3ed476"
        },
        {
          "type": "icon",
          "assetId": "BdIT_EAXnE",
          "checksum": "1b2c1a69cd1c43047c386860ac456e10"
        },
        {
          "type": "icon",
          "assetId": "C_ljohGzuD",
          "checksum": "61597ea10cb7f06783973e5aaae18e7d"
        }
      ]
    }
  ],
  "cliVersion": "0.1.161"
}
